
Microsoft Visual Studio Solution File, Format Version 12.00
# Visual Studio Version 17
VisualStudioVersion = 17.3.32922.545
MinimumVisualStudioVersion = 10.0.40219.1
Project("{9A19103F-16F7-4668-BE54-9A1E7A4F7556}") = "DesafioToroInvestimentos.Infrastructure", "DesafioToroInvestimentos.Infrastructure\DesafioToroInvestimentos.Infrastructure.csproj", "{50298AA7-7180-4D12-8AB5-21E491EAAB04}"
EndProject
Project("{9A19103F-16F7-4668-BE54-9A1E7A4F7556}") = "DesafioToroInvestimentos.Application", "DesafioToroInvestimentos.Application\DesafioToroInvestimentos.Application.csproj", "{03305E94-3389-4155-8109-68D2A8F97A98}"
EndProject
Project("{9A19103F-16F7-4668-BE54-9A1E7A4F7556}") = "DesafioToroInvestimentos.Domain", "DesafioToroInvestimentos.Domain\DesafioToroInvestimentos.Domain.csproj", "{5D9E45B6-6A25-42D8-BFA0-919F47C75CCC}"
EndProject
Project("{9A19103F-16F7-4668-BE54-9A1E7A4F7556}") = "DesafioToroInvestimentos.WebAPI", "DesafioToroInvestimentos.WebAPI\DesafioToroInvestimentos.WebAPI.csproj", "{F4D85E24-4E59-4F92-B579-1E865F5E7C57}"
EndProject
Project("{9A19103F-16F7-4668-BE54-9A1E7A4F7556}") = "DesafioToroInvestimentos.Tests", "DesafioToroInvestimentos.Tests\DesafioToroInvestimentos.Tests.csproj", "{023528E2-559E-47BD-A6F5-A025CA74BBFB}"
EndProject
Project("{54A90642-561A-4BB1-A94E-469ADEE60C69}") = "DesafioToroInvestimentos-SPA-Angular", "DesafioToroInvestimentos-SPA-Angular\DesafioToroInvestimentos-SPA-Angular.esproj", "{09F09363-42D1-40E2-837E-2560D11E2D51}"
EndProject
Global
	GlobalSection(SolutionConfigurationPlatforms) = preSolution
		Debug|Any CPU = Debug|Any CPU
		Release|Any CPU = Release|Any CPU
	EndGlobalSection
	GlobalSection(ProjectConfigurationPlatforms) = postSolution
		{50298AA7-7180-4D12-8AB5-21E491EAAB04}.Debug|Any CPU.ActiveCfg = Debug|Any CPU
		{50298AA7-7180-4D12-8AB5-21E491EAAB04}.Debug|Any CPU.Build.0 = Debug|Any CPU
		{50298AA7-7180-4D12-8AB5-21E491EAAB04}.Release|Any CPU.ActiveCfg = Release|Any CPU
		{50298AA7-7180-4D12-8AB5-21E491EAAB04}.Release|Any CPU.Build.0 = Release|Any CPU
		{03305E94-3389-4155-8109-68D2A8F97A98}.Debug|Any CPU.ActiveCfg = Debug|Any CPU
		{03305E94-3389-4155-8109-68D2A8F97A98}.Debug|Any CPU.Build.0 = Debug|Any CPU
		{03305E94-3389-4155-8109-68D2A8F97A98}.Release|Any CPU.ActiveCfg = Release|Any CPU
		{03305E94-3389-4155-8109-68D2A8F97A98}.Release|Any CPU.Build.0 = Release|Any CPU
		{5D9E45B6-6A25-42D8-BFA0-919F47C75CCC}.Debug|Any CPU.ActiveCfg = Debug|Any CPU
		{5D9E45B6-6A25-42D8-BFA0-919F47C75CCC}.Debug|Any CPU.Build.0 = Debug|Any CPU
		{5D9E45B6-6A25-42D8-BFA0-919F47C75CCC}.Release|Any CPU.ActiveCfg = Release|Any CPU
		{5D9E45B6-6A25-42D8-BFA0-919F47C75CCC}.Release|Any CPU.Build.0 = Release|Any CPU
		{F4D85E24-4E59-4F92-B579-1E865F5E7C57}.Debug|Any CPU.ActiveCfg = Debug|Any CPU
		{F4D85E24-4E59-4F92-B579-1E865F5E7C57}.Debug|Any CPU.Build.0 = Debug|Any CPU
		{F4D85E24-4E59-4F92-B579-1E865F5E7C57}.Release|Any CPU.ActiveCfg = Release|Any CPU
		{F4D85E24-4E59-4F92-B579-1E865F5E7C57}.Release|Any CPU.Build.0 = Release|Any CPU
		{023528E2-559E-47BD-A6F5-A025CA74BBFB}.Debug|Any CPU.ActiveCfg = Debug|Any CPU
		{023528E2-559E-47BD-A6F5-A025CA74BBFB}.Debug|Any CPU.Build.0 = Debug|Any CPU
		{023528E2-559E-47BD-A6F5-A025CA74BBFB}.Release|Any CPU.ActiveCfg = Release|Any CPU
		{023528E2-559E-47BD-A6F5-A025CA74BBFB}.Release|Any CPU.Build.0 = Release|Any CPU
		{09F09363-42D1-40E2-837E-2560D11E2D51}.Debug|Any CPU.ActiveCfg = Debug|Any CPU
		{09F09363-42D1-40E2-837E-2560D11E2D51}.Debug|Any CPU.Build.0 = Debug|Any CPU
		{09F09363-42D1-40E2-837E-2560D11E2D51}.Debug|Any CPU.Deploy.0 = Debug|Any CPU
		{09F09363-42D1-40E2-837E-2560D11E2D51}.Release|Any CPU.ActiveCfg = Release|Any CPU
		{09F09363-42D1-40E2-837E-2560D11E2D51}.Release|Any CPU.Build.0 = Release|Any CPU
		{09F09363-42D1-40E2-837E-2560D11E2D51}.Release|Any CPU.Deploy.0 = Release|Any CPU
	EndGlobalSection
	GlobalSection(SolutionProperties) = preSolution
		HideSolutionNode = FALSE
	EndGlobalSection
	GlobalSection(ExtensibilityGlobals) = postSolution
		SolutionGuid = {AD4C1235-982E-487B-A0D0-4E84A7DFB7F8}
	EndGlobalSection
EndGlobal
